
Microsoft Visual Studio Solution File, Format Version 12.00
# Visual Studio Version 18
VisualStudioVersion = 18.2.11415.280 d18.0
MinimumVisualStudioVersion = 10.0.40219.1
Project("{FAE04EC0-301F-11D3-BF4B-00C04F79EFBC}") = "TikTokSoundboard", "TikTokSoundboard.csproj", "{DA9EBD01-B2F6-F9F4-13E3-5CED763E3F77}"
EndProject
Global
	GlobalSection(SolutionConfigurationPlatforms) = preSolution
		Debug|Any CPU = Debug|Any CPU
		Release|Any CPU = Release|Any CPU
	EndGlobalSection
	GlobalSection(ProjectConfigurationPlatforms) = postSolution
		{DA9EBD01-B2F6-F9F4-13E3-5CED763E3F77}.Debug|Any CPU.ActiveCfg = Debug|Any CPU
		{DA9EBD01-B2F6-F9F4-13E3-5CED763E3F77}.Debug|Any CPU.Build.0 = Debug|Any CPU
		{DA9EBD01-B2F6-F9F4-13E3-5CED763E3F77}.Release|Any CPU.ActiveCfg = Release|Any CPU
		{DA9EBD01-B2F6-F9F4-13E3-5CED763E3F77}.Release|Any CPU.Build.0 = Release|Any CPU
	EndGlobalSection
	GlobalSection(SolutionProperties) = preSolution
		HideSolutionNode = FALSE
	EndGlobalSection
	GlobalSection(ExtensibilityGlobals) = postSolution
		SolutionGuid = {CE7A8A10-293E-493B-8100-543294436DAE}
	EndGlobalSection
EndGlobal
